
Microsoft Visual Studio Solution File, Format Version 12.00
# Visual Studio Version 17
VisualStudioVersion = 17.14.36408.4
MinimumVisualStudioVersion = 10.0.40219.1
Project("{2150E333-8FDC-42A3-9474-1A3956D46DE8}") = "src", "src", "{827E0CD3-B72D-47B6-A68D-7590B98EB39B}"
EndProject
Project("{FAE04EC0-301F-11D3-BF4B-00C04F79EFBC}") = "Monivus.HealthChecks", "src\Monivus.HealthChecks\Monivus.HealthChecks.csproj", "{2AB427B5-03E9-4496-B7F0-891D60DF7E33}"
EndProject
Project("{FAE04EC0-301F-11D3-BF4B-00C04F79EFBC}") = "Monivus.HealthChecks.SqlServer", "src\Monivus.HealthChecks.SqlServer\Monivus.HealthChecks.SqlServer.csproj", "{039F7DA5-08A2-4C01-BE97-910BE50C461F}"
EndProject
Project("{FAE04EC0-301F-11D3-BF4B-00C04F79EFBC}") = "Monivus.HealthChecks.Hangfire", "src\Monivus.HealthChecks.Hangfire\Monivus.HealthChecks.Hangfire.csproj", "{4800EC17-5EB0-49BE-9832-CFF1E64D7075}"
EndProject
Project("{FAE04EC0-301F-11D3-BF4B-00C04F79EFBC}") = "Monivus.HealthChecks.Redis", "src\Monivus.HealthChecks.Redis\Monivus.HealthChecks.Redis.csproj", "{B8CEC079-2205-41A0-8BD4-A2D58CEF6041}"
EndProject
Project("{FAE04EC0-301F-11D3-BF4B-00C04F79EFBC}") = "Monivus.HealthChecks.ResourceUtilization", "src\Monivus.HealthChecks.ResourceUtilization\Monivus.HealthChecks.ResourceUtilization.csproj", "{7F6177EB-7DD6-45D7-A67C-58552CC90A1B}"
EndProject
Project("{FAE04EC0-301F-11D3-BF4B-00C04F79EFBC}") = "Monivus.HealthChecks.Exporter", "src\Monivus.HealthChecks.Exporter\Monivus.HealthChecks.Exporter.csproj", "{CE61E04B-60DC-4772-AD75-AF224B3202BC}"
EndProject
Project("{2150E333-8FDC-42A3-9474-1A3956D46DE8}") = "test", "test", "{0C88DD14-F956-CE84-757C-A364CCF449FC}"
EndProject
Project("{FAE04EC0-301F-11D3-BF4B-00C04F79EFBC}") = "Monivus.AppHost", "test\Monivus.AppHost\Monivus.AppHost.csproj", "{C3E292EC-E82C-4E73-AA81-896D4162C474}"
EndProject
Project("{FAE04EC0-301F-11D3-BF4B-00C04F79EFBC}") = "Monivus.ServiceDefaults", "test\Monivus.ServiceDefaults\Monivus.ServiceDefaults.csproj", "{7D140635-2176-424C-8A22-170F0E174D12}"
EndProject
Project("{FAE04EC0-301F-11D3-BF4B-00C04F79EFBC}") = "Monivus.Api", "test\Monivus.Api\Monivus.Api.csproj", "{1045A66D-30B6-6B35-BAFF-5A2C85497212}"
EndProject
Project("{FAE04EC0-301F-11D3-BF4B-00C04F79EFBC}") = "Monivus.UI", "test\Monivus.UI\Monivus.UI.csproj", "{A1A64F0A-DA13-79C9-365E-D976A3C873F9}"
EndProject
Project("{FAE04EC0-301F-11D3-BF4B-00C04F79EFBC}") = "Monivus.HealthChecks.Url", "src\Monivus.HealthChecks.Url\Monivus.HealthChecks.Url.csproj", "{DE50C6AA-9B1E-4011-91CB-F893F811A48E}"
EndProject
Global
	GlobalSection(SolutionConfigurationPlatforms) = preSolution
		Debug|Any CPU = Debug|Any CPU
		Debug|x64 = Debug|x64
		Debug|x86 = Debug|x86
		Release|Any CPU = Release|Any CPU
		Release|x64 = Release|x64
		Release|x86 = Release|x86
	EndGlobalSection
	GlobalSection(ProjectConfigurationPlatforms) = postSolution
		{2AB427B5-03E9-4496-B7F0-891D60DF7E33}.Debug|Any CPU.ActiveCfg = Debug|Any CPU
		{2AB427B5-03E9-4496-B7F0-891D60DF7E33}.Debug|Any CPU.Build.0 = Debug|Any CPU
		{2AB427B5-03E9-4496-B7F0-891D60DF7E33}.Debug|x64.ActiveCfg = Debug|Any CPU
		{2AB427B5-03E9-4496-B7F0-891D60DF7E33}.Debug|x64.Build.0 = Debug|Any CPU
		{2AB427B5-03E9-4496-B7F0-891D60DF7E33}.Debug|x86.ActiveCfg = Debug|Any CPU
		{2AB427B5-03E9-4496-B7F0-891D60DF7E33}.Debug|x86.Build.0 = Debug|Any CPU
		{2AB427B5-03E9-4496-B7F0-891D60DF7E33}.Release|Any CPU.ActiveCfg = Release|Any CPU
		{2AB427B5-03E9-4496-B7F0-891D60DF7E33}.Release|Any CPU.Build.0 = Release|Any CPU
		{2AB427B5-03E9-4496-B7F0-891D60DF7E33}.Release|x64.ActiveCfg = Release|Any CPU
		{2AB427B5-03E9-4496-B7F0-891D60DF7E33}.Release|x64.Build.0 = Release|Any CPU
		{2AB427B5-03E9-4496-B7F0-891D60DF7E33}.Release|x86.ActiveCfg = Release|Any CPU
		{2AB427B5-03E9-4496-B7F0-891D60DF7E33}.Release|x86.Build.0 = Release|Any CPU
		{039F7DA5-08A2-4C01-BE97-910BE50C461F}.Debug|Any CPU.ActiveCfg = Debug|Any CPU
		{039F7DA5-08A2-4C01-BE97-910BE50C461F}.Debug|Any CPU.Build.0 = Debug|Any CPU
		{039F7DA5-08A2-4C01-BE97-910BE50C461F}.Debug|x64.ActiveCfg = Debug|Any CPU
		{039F7DA5-08A2-4C01-BE97-910BE50C461F}.Debug|x64.Build.0 = Debug|Any CPU
		{039F7DA5-08A2-4C01-BE97-910BE50C461F}.Debug|x86.ActiveCfg = Debug|Any CPU
		{039F7DA5-08A2-4C01-BE97-910BE50C461F}.Debug|x86.Build.0 = Debug|Any CPU
		{039F7DA5-08A2-4C01-BE97-910BE50C461F}.Release|Any CPU.ActiveCfg = Release|Any CPU
		{039F7DA5-08A2-4C01-BE97-910BE50C461F}.Release|Any CPU.Build.0 = Release|Any CPU
		{039F7DA5-08A2-4C01-BE97-910BE50C461F}.Release|x64.ActiveCfg = Release|Any CPU
		{039F7DA5-08A2-4C01-BE97-910BE50C461F}.Release|x64.Build.0 = Release|Any CPU
		{039F7DA5-08A2-4C01-BE97-910BE50C461F}.Release|x86.ActiveCfg = Release|Any CPU
		{039F7DA5-08A2-4C01-BE97-910BE50C461F}.Release|x86.Build.0 = Release|Any CPU
		{4800EC17-5EB0-49BE-9832-CFF1E64D7075}.Debug|Any CPU.ActiveCfg = Debug|Any CPU
		{4800EC17-5EB0-49BE-9832-CFF1E64D7075}.Debug|Any CPU.Build.0 = Debug|Any CPU
		{4800EC17-5EB0-49BE-9832-CFF1E64D7075}.Debug|x64.ActiveCfg = Debug|Any CPU
		{4800EC17-5EB0-49BE-9832-CFF1E64D7075}.Debug|x64.Build.0 = Debug|Any CPU
		{4800EC17-5EB0-49BE-9832-CFF1E64D7075}.Debug|x86.ActiveCfg = Debug|Any CPU
		{4800EC17-5EB0-49BE-9832-CFF1E64D7075}.Debug|x86.Build.0 = Debug|Any CPU
		{4800EC17-5EB0-49BE-9832-CFF1E64D7075}.Release|Any CPU.ActiveCfg = Release|Any CPU
		{4800EC17-5EB0-49BE-9832-CFF1E64D7075}.Release|Any CPU.Build.0 = Release|Any CPU
		{4800EC17-5EB0-49BE-9832-CFF1E64D7075}.Release|x64.ActiveCfg = Release|Any CPU
		{4800EC17-5EB0-49BE-9832-CFF1E64D7075}.Release|x64.Build.0 = Release|Any CPU
		{4800EC17-5EB0-49BE-9832-CFF1E64D7075}.Release|x86.ActiveCfg = Release|Any CPU
		{4800EC17-5EB0-49BE-9832-CFF1E64D7075}.Release|x86.Build.0 = Release|Any CPU
		{B8CEC079-2205-41A0-8BD4-A2D58CEF6041}.Debug|Any CPU.ActiveCfg = Debug|Any CPU
		{B8CEC079-2205-41A0-8BD4-A2D58CEF6041}.Debug|Any CPU.Build.0 = Debug|Any CPU
		{B8CEC079-2205-41A0-8BD4-A2D58CEF6041}.Debug|x64.ActiveCfg = Debug|Any CPU
		{B8CEC079-2205-41A0-8BD4-A2D58CEF6041}.Debug|x64.Build.0 = Debug|Any CPU
		{B8CEC079-2205-41A0-8BD4-A2D58CEF6041}.Debug|x86.ActiveCfg = Debug|Any CPU
		{B8CEC079-2205-41A0-8BD4-A2D58CEF6041}.Debug|x86.Build.0 = Debug|Any CPU
		{B8CEC079-2205-41A0-8BD4-A2D58CEF6041}.Release|Any CPU.ActiveCfg = Release|Any CPU
		{B8CEC079-2205-41A0-8BD4-A2D58CEF6041}.Release|Any CPU.Build.0 = Release|Any CPU
		{B8CEC079-2205-41A0-8BD4-A2D58CEF6041}.Release|x64.ActiveCfg = Release|Any CPU
		{B8CEC079-2205-41A0-8BD4-A2D58CEF6041}.Release|x64.Build.0 = Release|Any CPU
		{B8CEC079-2205-41A0-8BD4-A2D58CEF6041}.Release|x86.ActiveCfg = Release|Any CPU
		{B8CEC079-2205-41A0-8BD4-A2D58CEF6041}.Release|x86.Build.0 = Release|Any CPU
		{7F6177EB-7DD6-45D7-A67C-58552CC90A1B}.Debug|Any CPU.ActiveCfg = Debug|Any CPU
		{7F6177EB-7DD6-45D7-A67C-58552CC90A1B}.Debug|Any CPU.Build.0 = Debug|Any CPU
		{7F6177EB-7DD6-45D7-A67C-58552CC90A1B}.Debug|x64.ActiveCfg = Debug|Any CPU
		{7F6177EB-7DD6-45D7-A67C-58552CC90A1B}.Debug|x64.Build.0 = Debug|Any CPU
		{7F6177EB-7DD6-45D7-A67C-58552CC90A1B}.Debug|x86.ActiveCfg = Debug|Any CPU
		{7F6177EB-7DD6-45D7-A67C-58552CC90A1B}.Debug|x86.Build.0 = Debug|Any CPU
		{7F6177EB-7DD6-45D7-A67C-58552CC90A1B}.Release|Any CPU.ActiveCfg = Release|Any CPU
		{7F6177EB-7DD6-45D7-A67C-58552CC90A1B}.Release|Any CPU.Build.0 = Release|Any CPU
		{7F6177EB-7DD6-45D7-A67C-58552CC90A1B}.Release|x64.ActiveCfg = Release|Any CPU
		{7F6177EB-7DD6-45D7-A67C-58552CC90A1B}.Release|x64.Build.0 = Release|Any CPU
		{7F6177EB-7DD6-45D7-A67C-58552CC90A1B}.Release|x86.ActiveCfg = Release|Any CPU
		{7F6177EB-7DD6-45D7-A67C-58552CC90A1B}.Release|x86.Build.0 = Release|Any CPU
		{CE61E04B-60DC-4772-AD75-AF224B3202BC}.Debug|Any CPU.ActiveCfg = Debug|Any CPU
		{CE61E04B-60DC-4772-AD75-AF224B3202BC}.Debug|Any CPU.Build.0 = Debug|Any CPU
		{CE61E04B-60DC-4772-AD75-AF224B3202BC}.Debug|x64.ActiveCfg = Debug|Any CPU
		{CE61E04B-60DC-4772-AD75-AF224B3202BC}.Debug|x64.Build.0 = Debug|Any CPU
		{CE61E04B-60DC-4772-AD75-AF224B3202BC}.Debug|x86.ActiveCfg = Debug|Any CPU
		{CE61E04B-60DC-4772-AD75-AF224B3202BC}.Debug|x86.Build.0 = Debug|Any CPU
		{CE61E04B-60DC-4772-AD75-AF224B3202BC}.Release|Any CPU.ActiveCfg = Release|Any CPU
		{CE61E04B-60DC-4772-AD75-AF224B3202BC}.Release|Any CPU.Build.0 = Release|Any CPU
		{CE61E04B-60DC-4772-AD75-AF224B3202BC}.Release|x64.ActiveCfg = Release|Any CPU
		{CE61E04B-60DC-4772-AD75-AF224B3202BC}.Release|x64.Build.0 = Release|Any CPU
		{CE61E04B-60DC-4772-AD75-AF224B3202BC}.Release|x86.ActiveCfg = Release|Any CPU
		{CE61E04B-60DC-4772-AD75-AF224B3202BC}.Release|x86.Build.0 = Release|Any CPU
		{C3E292EC-E82C-4E73-AA81-896D4162C474}.Debug|Any CPU.ActiveCfg = Debug|Any CPU
		{C3E292EC-E82C-4E73-AA81-896D4162C474}.Debug|Any CPU.Build.0 = Debug|Any CPU
		{C3E292EC-E82C-4E73-AA81-896D4162C474}.Debug|x64.ActiveCfg = Debug|Any CPU
		{C3E292EC-E82C-4E73-AA81-896D4162C474}.Debug|x64.Build.0 = Debug|Any CPU
		{C3E292EC-E82C-4E73-AA81-896D4162C474}.Debug|x86.ActiveCfg = Debug|Any CPU
		{C3E292EC-E82C-4E73-AA81-896D4162C474}.Debug|x86.Build.0 = Debug|Any CPU
		{C3E292EC-E82C-4E73-AA81-896D4162C474}.Release|Any CPU.ActiveCfg = Release|Any CPU
		{C3E292EC-E82C-4E73-AA81-896D4162C474}.Release|Any CPU.Build.0 = Release|Any CPU
		{C3E292EC-E82C-4E73-AA81-896D4162C474}.Release|x64.ActiveCfg = Release|Any CPU
		{C3E292EC-E82C-4E73-AA81-896D4162C474}.Release|x64.Build.0 = Release|Any CPU
		{C3E292EC-E82C-4E73-AA81-896D4162C474}.Release|x86.ActiveCfg = Release|Any CPU
		{C3E292EC-E82C-4E73-AA81-896D4162C474}.Release|x86.Build.0 = Release|Any CPU
		{7D140635-2176-424C-8A22-170F0E174D12}.Debug|Any CPU.ActiveCfg = Debug|Any CPU
		{7D140635-2176-424C-8A22-170F0E174D12}.Debug|Any CPU.Build.0 = Debug|Any CPU
		{7D140635-2176-424C-8A22-170F0E174D12}.Debug|x64.ActiveCfg = Debug|Any CPU
		{7D140635-2176-424C-8A22-170F0E174D12}.Debug|x64.Build.0 = Debug|Any CPU
		{7D140635-2176-424C-8A22-170F0E174D12}.Debug|x86.ActiveCfg = Debug|Any CPU
		{7D140635-2176-424C-8A22-170F0E174D12}.Debug|x86.Build.0 = Debug|Any CPU
		{7D140635-2176-424C-8A22-170F0E174D12}.Release|Any CPU.ActiveCfg = Release|Any CPU
		{7D140635-2176-424C-8A22-170F0E174D12}.Release|Any CPU.Build.0 = Release|Any CPU
		{7D140635-2176-424C-8A22-170F0E174D12}.Release|x64.ActiveCfg = Release|Any CPU
		{7D140635-2176-424C-8A22-170F0E174D12}.Release|x64.Build.0 = Release|Any CPU
		{7D140635-2176-424C-8A22-170F0E174D12}.Release|x86.ActiveCfg = Release|Any CPU
		{7D140635-2176-424C-8A22-170F0E174D12}.Release|x86.Build.0 = Release|Any CPU
		{1045A66D-30B6-6B35-BAFF-5A2C85497212}.Debug|Any CPU.ActiveCfg = Debug|Any CPU
		{1045A66D-30B6-6B35-BAFF-5A2C85497212}.Debug|Any CPU.Build.0 = Debug|Any CPU
		{1045A66D-30B6-6B35-BAFF-5A2C85497212}.Debug|x64.ActiveCfg = Debug|Any CPU
		{1045A66D-30B6-6B35-BAFF-5A2C85497212}.Debug|x64.Build.0 = Debug|Any CPU
		{1045A66D-30B6-6B35-BAFF-5A2C85497212}.Debug|x86.ActiveCfg = Debug|Any CPU
		{1045A66D-30B6-6B35-BAFF-5A2C85497212}.Debug|x86.Build.0 = Debug|Any CPU
		{1045A66D-30B6-6B35-BAFF-5A2C85497212}.Release|Any CPU.ActiveCfg = Release|Any CPU
		{1045A66D-30B6-6B35-BAFF-5A2C85497212}.Release|Any CPU.Build.0 = Release|Any CPU
		{1045A66D-30B6-6B35-BAFF-5A2C85497212}.Release|x64.ActiveCfg = Release|Any CPU
		{1045A66D-30B6-6B35-BAFF-5A2C85497212}.Release|x64.Build.0 = Release|Any CPU
		{1045A66D-30B6-6B35-BAFF-5A2C85497212}.Release|x86.ActiveCfg = Release|Any CPU
		{1045A66D-30B6-6B35-BAFF-5A2C85497212}.Release|x86.Build.0 = Release|Any CPU
		{A1A64F0A-DA13-79C9-365E-D976A3C873F9}.Debug|Any CPU.ActiveCfg = Debug|Any CPU
		{A1A64F0A-DA13-79C9-365E-D976A3C873F9}.Debug|Any CPU.Build.0 = Debug|Any CPU
		{A1A64F0A-DA13-79C9-365E-D976A3C873F9}.Debug|x64.ActiveCfg = Debug|Any CPU
		{A1A64F0A-DA13-79C9-365E-D976A3C873F9}.Debug|x64.Build.0 = Debug|Any CPU
		{A1A64F0A-DA13-79C9-365E-D976A3C873F9}.Debug|x86.ActiveCfg = Debug|Any CPU
		{A1A64F0A-DA13-79C9-365E-D976A3C873F9}.Debug|x86.Build.0 = Debug|Any CPU
		{A1A64F0A-DA13-79C9-365E-D976A3C873F9}.Release|Any CPU.ActiveCfg = Release|Any CPU
		{A1A64F0A-DA13-79C9-365E-D976A3C873F9}.Release|Any CPU.Build.0 = Release|Any CPU
		{A1A64F0A-DA13-79C9-365E-D976A3C873F9}.Release|x64.ActiveCfg = Release|Any CPU
		{A1A64F0A-DA13-79C9-365E-D976A3C873F9}.Release|x64.Build.0 = Release|Any CPU
		{A1A64F0A-DA13-79C9-365E-D976A3C873F9}.Release|x86.ActiveCfg = Release|Any CPU
		{A1A64F0A-DA13-79C9-365E-D976A3C873F9}.Release|x86.Build.0 = Release|Any CPU
		{DE50C6AA-9B1E-4011-91CB-F893F811A48E}.Debug|Any CPU.ActiveCfg = Debug|Any CPU
		{DE50C6AA-9B1E-4011-91CB-F893F811A48E}.Debug|Any CPU.Build.0 = Debug|Any CPU
		{DE50C6AA-9B1E-4011-91CB-F893F811A48E}.Debug|x64.ActiveCfg = Debug|Any CPU
		{DE50C6AA-9B1E-4011-91CB-F893F811A48E}.Debug|x64.Build.0 = Debug|Any CPU
		{DE50C6AA-9B1E-4011-91CB-F893F811A48E}.Debug|x86.ActiveCfg = Debug|Any CPU
		{DE50C6AA-9B1E-4011-91CB-F893F811A48E}.Debug|x86.Build.0 = Debug|Any CPU
		{DE50C6AA-9B1E-4011-91CB-F893F811A48E}.Release|Any CPU.ActiveCfg = Release|Any CPU
		{DE50C6AA-9B1E-4011-91CB-F893F811A48E}.Release|Any CPU.Build.0 = Release|Any CPU
		{DE50C6AA-9B1E-4011-91CB-F893F811A48E}.Release|x64.ActiveCfg = Release|Any CPU
		{DE50C6AA-9B1E-4011-91CB-F893F811A48E}.Release|x64.Build.0 = Release|Any CPU
		{DE50C6AA-9B1E-4011-91CB-F893F811A48E}.Release|x86.ActiveCfg = Release|Any CPU
		{DE50C6AA-9B1E-4011-91CB-F893F811A48E}.Release|x86.Build.0 = Release|Any CPU
	EndGlobalSection
	GlobalSection(SolutionProperties) = preSolution
		HideSolutionNode = FALSE
	EndGlobalSection
	GlobalSection(NestedProjects) = preSolution
		{2AB427B5-03E9-4496-B7F0-891D60DF7E33} = {827E0CD3-B72D-47B6-A68D-7590B98EB39B}
		{039F7DA5-08A2-4C01-BE97-910BE50C461F} = {827E0CD3-B72D-47B6-A68D-7590B98EB39B}
		{4800EC17-5EB0-49BE-9832-CFF1E64D7075} = {827E0CD3-B72D-47B6-A68D-7590B98EB39B}
		{B8CEC079-2205-41A0-8BD4-A2D58CEF6041} = {827E0CD3-B72D-47B6-A68D-7590B98EB39B}
		{7F6177EB-7DD6-45D7-A67C-58552CC90A1B} = {827E0CD3-B72D-47B6-A68D-7590B98EB39B}
		{CE61E04B-60DC-4772-AD75-AF224B3202BC} = {827E0CD3-B72D-47B6-A68D-7590B98EB39B}
		{C3E292EC-E82C-4E73-AA81-896D4162C474} = {0C88DD14-F956-CE84-757C-A364CCF449FC}
		{7D140635-2176-424C-8A22-170F0E174D12} = {0C88DD14-F956-CE84-757C-A364CCF449FC}
		{1045A66D-30B6-6B35-BAFF-5A2C85497212} = {0C88DD14-F956-CE84-757C-A364CCF449FC}
		{A1A64F0A-DA13-79C9-365E-D976A3C873F9} = {0C88DD14-F956-CE84-757C-A364CCF449FC}
		{DE50C6AA-9B1E-4011-91CB-F893F811A48E} = {827E0CD3-B72D-47B6-A68D-7590B98EB39B}
	EndGlobalSection
	GlobalSection(ExtensibilityGlobals) = postSolution
		SolutionGuid = {E091C59C-F147-4654-A9BD-750BDC53D2C9}
	EndGlobalSection
EndGlobal
