
Microsoft Visual Studio Solution File, Format Version 12.00
# Visual Studio Version 18
VisualStudioVersion = 18.0.11217.181
MinimumVisualStudioVersion = 10.0.40219.1
Project("{2150E333-8FDC-42A3-9474-1A3956D46DE8}") = "src", "src", "{827E0CD3-B72D-47B6-A68D-7590B98EB39B}"
EndProject
Project("{FAE04EC0-301F-11D3-BF4B-00C04F79EFBC}") = "Monivus.HealthChecks", "src\Monivus.HealthChecks\Monivus.HealthChecks.csproj", "{2AB427B5-03E9-4496-B7F0-891D60DF7E33}"
EndProject
Project("{FAE04EC0-301F-11D3-BF4B-00C04F79EFBC}") = "Monivus.HealthChecks.SqlServer", "src\Monivus.HealthChecks.SqlServer\Monivus.HealthChecks.SqlServer.csproj", "{039F7DA5-08A2-4C01-BE97-910BE50C461F}"
EndProject
Project("{FAE04EC0-301F-11D3-BF4B-00C04F79EFBC}") = "Monivus.HealthChecks.Hangfire", "src\Monivus.HealthChecks.Hangfire\Monivus.HealthChecks.Hangfire.csproj", "{4800EC17-5EB0-49BE-9832-CFF1E64D7075}"
EndProject
Project("{FAE04EC0-301F-11D3-BF4B-00C04F79EFBC}") = "Monivus.HealthChecks.Redis", "src\Monivus.HealthChecks.Redis\Monivus.HealthChecks.Redis.csproj", "{B8CEC079-2205-41A0-8BD4-A2D58CEF6041}"
EndProject
Project("{FAE04EC0-301F-11D3-BF4B-00C04F79EFBC}") = "Monivus.HealthChecks.Exporter", "src\Monivus.HealthChecks.Exporter\Monivus.HealthChecks.Exporter.csproj", "{CE61E04B-60DC-4772-AD75-AF224B3202BC}"
EndProject
Project("{FAE04EC0-301F-11D3-BF4B-00C04F79EFBC}") = "Monivus.Exporter", "src\Monivus.Exporter\Monivus.Exporter.csproj", "{954F0381-F73A-485B-ACE0-04D708104396}"
EndProject
Project("{2150E333-8FDC-42A3-9474-1A3956D46DE8}") = "sample", "sample", "{0C88DD14-F956-CE84-757C-A364CCF449FC}"
EndProject
Project("{FAE04EC0-301F-11D3-BF4B-00C04F79EFBC}") = "Monivus.HealthChecks.Url", "src\Monivus.HealthChecks.Url\Monivus.HealthChecks.Url.csproj", "{DE50C6AA-9B1E-4011-91CB-F893F811A48E}"
EndProject
Project("{FAE04EC0-301F-11D3-BF4B-00C04F79EFBC}") = "Monivus.HealthChecks.System", "src\Monivus.HealthChecks.System\Monivus.HealthChecks.System.csproj", "{006E2A09-647F-B223-AE22-C294E6CFACE3}"
EndProject
Project("{FAE04EC0-301F-11D3-BF4B-00C04F79EFBC}") = "Monivus.HealthChecks.PostgreSql", "src\Monivus.HealthChecks.PostgreSql\Monivus.HealthChecks.PostgreSql.csproj", "{A8E6C7F1-2D4B-4E6F-8A5C-9F8D1E2A3B4C}"
EndProject
Project("{FAE04EC0-301F-11D3-BF4B-00C04F79EFBC}") = "Monivus.HealthChecks.Oracle", "src\Monivus.HealthChecks.Oracle\Monivus.HealthChecks.Oracle.csproj", "{7F088796-DDF7-4562-9AC6-8E8E2C717DF3}"
EndProject
Project("{FAE04EC0-301F-11D3-BF4B-00C04F79EFBC}") = "Monivus.HealthChecks.MySql", "src\Monivus.HealthChecks.MySql\Monivus.HealthChecks.MySql.csproj", "{D7F1A0A4-4E0A-4A6D-9FF5-4F7F71E2CE54}"
EndProject
Project("{FAE04EC0-301F-11D3-BF4B-00C04F79EFBC}") = "Monivus.HealthChecks.MongoDb", "src\Monivus.HealthChecks.MongoDb\Monivus.HealthChecks.MongoDb.csproj", "{32299DBB-441F-41C3-8204-B759EEEA7C6B}"
EndProject
Project("{FAE04EC0-301F-11D3-BF4B-00C04F79EFBC}") = "Monivus.ServiceDefaults", "sample\Monivus.ServiceDefaults\Monivus.ServiceDefaults.csproj", "{B134DD2D-6317-09C1-36AC-A239FDA9FBEF}"
EndProject
Project("{FAE04EC0-301F-11D3-BF4B-00C04F79EFBC}") = "Monivus.AppHost", "sample\Monivus.AppHost\Monivus.AppHost.csproj", "{5EC5438A-EEC0-8993-146C-47AE047F5A8C}"
EndProject
Project("{FAE04EC0-301F-11D3-BF4B-00C04F79EFBC}") = "Monivus.Api", "sample\Monivus.Api\Monivus.Api.csproj", "{57BA978F-6085-455E-BD68-FCFAD497EC67}"
EndProject
Project("{FAE04EC0-301F-11D3-BF4B-00C04F79EFBC}") = "Monivus.Api2", "sample\Monivus.Api2\Monivus.Api2.csproj", "{4FDD0A52-B960-B8BC-5EFA-B6D692009449}"
EndProject
Project("{FAE04EC0-301F-11D3-BF4B-00C04F79EFBC}") = "Monivus.UI", "sample\Monivus.UI\Monivus.UI.csproj", "{C30B0E55-5C03-3ADD-F6F2-DE0A8E4F012D}"
EndProject
Global
	GlobalSection(SolutionConfigurationPlatforms) = preSolution
		Debug|Any CPU = Debug|Any CPU
		Debug|x64 = Debug|x64
		Debug|x86 = Debug|x86
		Release|Any CPU = Release|Any CPU
		Release|x64 = Release|x64
		Release|x86 = Release|x86
	EndGlobalSection
	GlobalSection(ProjectConfigurationPlatforms) = postSolution
		{2AB427B5-03E9-4496-B7F0-891D60DF7E33}.Debug|Any CPU.ActiveCfg = Debug|Any CPU
		{2AB427B5-03E9-4496-B7F0-891D60DF7E33}.Debug|Any CPU.Build.0 = Debug|Any CPU
		{2AB427B5-03E9-4496-B7F0-891D60DF7E33}.Debug|x64.ActiveCfg = Debug|Any CPU
		{2AB427B5-03E9-4496-B7F0-891D60DF7E33}.Debug|x64.Build.0 = Debug|Any CPU
		{2AB427B5-03E9-4496-B7F0-891D60DF7E33}.Debug|x86.ActiveCfg = Debug|Any CPU
		{2AB427B5-03E9-4496-B7F0-891D60DF7E33}.Debug|x86.Build.0 = Debug|Any CPU
		{2AB427B5-03E9-4496-B7F0-891D60DF7E33}.Release|Any CPU.ActiveCfg = Release|Any CPU
		{2AB427B5-03E9-4496-B7F0-891D60DF7E33}.Release|Any CPU.Build.0 = Release|Any CPU
		{2AB427B5-03E9-4496-B7F0-891D60DF7E33}.Release|x64.ActiveCfg = Release|Any CPU
		{2AB427B5-03E9-4496-B7F0-891D60DF7E33}.Release|x64.Build.0 = Release|Any CPU
		{2AB427B5-03E9-4496-B7F0-891D60DF7E33}.Release|x86.ActiveCfg = Release|Any CPU
		{2AB427B5-03E9-4496-B7F0-891D60DF7E33}.Release|x86.Build.0 = Release|Any CPU
		{039F7DA5-08A2-4C01-BE97-910BE50C461F}.Debug|Any CPU.ActiveCfg = Debug|Any CPU
		{039F7DA5-08A2-4C01-BE97-910BE50C461F}.Debug|Any CPU.Build.0 = Debug|Any CPU
		{039F7DA5-08A2-4C01-BE97-910BE50C461F}.Debug|x64.ActiveCfg = Debug|Any CPU
		{039F7DA5-08A2-4C01-BE97-910BE50C461F}.Debug|x64.Build.0 = Debug|Any CPU
		{039F7DA5-08A2-4C01-BE97-910BE50C461F}.Debug|x86.ActiveCfg = Debug|Any CPU
		{039F7DA5-08A2-4C01-BE97-910BE50C461F}.Debug|x86.Build.0 = Debug|Any CPU
		{039F7DA5-08A2-4C01-BE97-910BE50C461F}.Release|Any CPU.ActiveCfg = Release|Any CPU
		{039F7DA5-08A2-4C01-BE97-910BE50C461F}.Release|Any CPU.Build.0 = Release|Any CPU
		{039F7DA5-08A2-4C01-BE97-910BE50C461F}.Release|x64.ActiveCfg = Release|Any CPU
		{039F7DA5-08A2-4C01-BE97-910BE50C461F}.Release|x64.Build.0 = Release|Any CPU
		{039F7DA5-08A2-4C01-BE97-910BE50C461F}.Release|x86.ActiveCfg = Release|Any CPU
		{039F7DA5-08A2-4C01-BE97-910BE50C461F}.Release|x86.Build.0 = Release|Any CPU
		{4800EC17-5EB0-49BE-9832-CFF1E64D7075}.Debug|Any CPU.ActiveCfg = Debug|Any CPU
		{4800EC17-5EB0-49BE-9832-CFF1E64D7075}.Debug|Any CPU.Build.0 = Debug|Any CPU
		{4800EC17-5EB0-49BE-9832-CFF1E64D7075}.Debug|x64.ActiveCfg = Debug|Any CPU
		{4800EC17-5EB0-49BE-9832-CFF1E64D7075}.Debug|x64.Build.0 = Debug|Any CPU
		{4800EC17-5EB0-49BE-9832-CFF1E64D7075}.Debug|x86.ActiveCfg = Debug|Any CPU
		{4800EC17-5EB0-49BE-9832-CFF1E64D7075}.Debug|x86.Build.0 = Debug|Any CPU
		{4800EC17-5EB0-49BE-9832-CFF1E64D7075}.Release|Any CPU.ActiveCfg = Release|Any CPU
		{4800EC17-5EB0-49BE-9832-CFF1E64D7075}.Release|Any CPU.Build.0 = Release|Any CPU
		{4800EC17-5EB0-49BE-9832-CFF1E64D7075}.Release|x64.ActiveCfg = Release|Any CPU
		{4800EC17-5EB0-49BE-9832-CFF1E64D7075}.Release|x64.Build.0 = Release|Any CPU
		{4800EC17-5EB0-49BE-9832-CFF1E64D7075}.Release|x86.ActiveCfg = Release|Any CPU
		{4800EC17-5EB0-49BE-9832-CFF1E64D7075}.Release|x86.Build.0 = Release|Any CPU
		{B8CEC079-2205-41A0-8BD4-A2D58CEF6041}.Debug|Any CPU.ActiveCfg = Debug|Any CPU
		{B8CEC079-2205-41A0-8BD4-A2D58CEF6041}.Debug|Any CPU.Build.0 = Debug|Any CPU
		{B8CEC079-2205-41A0-8BD4-A2D58CEF6041}.Debug|x64.ActiveCfg = Debug|Any CPU
		{B8CEC079-2205-41A0-8BD4-A2D58CEF6041}.Debug|x64.Build.0 = Debug|Any CPU
		{B8CEC079-2205-41A0-8BD4-A2D58CEF6041}.Debug|x86.ActiveCfg = Debug|Any CPU
		{B8CEC079-2205-41A0-8BD4-A2D58CEF6041}.Debug|x86.Build.0 = Debug|Any CPU
		{B8CEC079-2205-41A0-8BD4-A2D58CEF6041}.Release|Any CPU.ActiveCfg = Release|Any CPU
		{B8CEC079-2205-41A0-8BD4-A2D58CEF6041}.Release|Any CPU.Build.0 = Release|Any CPU
		{B8CEC079-2205-41A0-8BD4-A2D58CEF6041}.Release|x64.ActiveCfg = Release|Any CPU
		{B8CEC079-2205-41A0-8BD4-A2D58CEF6041}.Release|x64.Build.0 = Release|Any CPU
		{B8CEC079-2205-41A0-8BD4-A2D58CEF6041}.Release|x86.ActiveCfg = Release|Any CPU
		{B8CEC079-2205-41A0-8BD4-A2D58CEF6041}.Release|x86.Build.0 = Release|Any CPU
		{CE61E04B-60DC-4772-AD75-AF224B3202BC}.Debug|Any CPU.ActiveCfg = Debug|Any CPU
		{CE61E04B-60DC-4772-AD75-AF224B3202BC}.Debug|Any CPU.Build.0 = Debug|Any CPU
		{CE61E04B-60DC-4772-AD75-AF224B3202BC}.Debug|x64.ActiveCfg = Debug|Any CPU
		{CE61E04B-60DC-4772-AD75-AF224B3202BC}.Debug|x64.Build.0 = Debug|Any CPU
		{CE61E04B-60DC-4772-AD75-AF224B3202BC}.Debug|x86.ActiveCfg = Debug|Any CPU
		{CE61E04B-60DC-4772-AD75-AF224B3202BC}.Debug|x86.Build.0 = Debug|Any CPU
		{CE61E04B-60DC-4772-AD75-AF224B3202BC}.Release|Any CPU.ActiveCfg = Release|Any CPU
		{CE61E04B-60DC-4772-AD75-AF224B3202BC}.Release|Any CPU.Build.0 = Release|Any CPU
		{CE61E04B-60DC-4772-AD75-AF224B3202BC}.Release|x64.ActiveCfg = Release|Any CPU
		{CE61E04B-60DC-4772-AD75-AF224B3202BC}.Release|x64.Build.0 = Release|Any CPU
		{CE61E04B-60DC-4772-AD75-AF224B3202BC}.Release|x86.ActiveCfg = Release|Any CPU
		{CE61E04B-60DC-4772-AD75-AF224B3202BC}.Release|x86.Build.0 = Release|Any CPU
		{954F0381-F73A-485B-ACE0-04D708104396}.Debug|Any CPU.ActiveCfg = Debug|Any CPU
		{954F0381-F73A-485B-ACE0-04D708104396}.Debug|Any CPU.Build.0 = Debug|Any CPU
		{954F0381-F73A-485B-ACE0-04D708104396}.Debug|x64.ActiveCfg = Debug|Any CPU
		{954F0381-F73A-485B-ACE0-04D708104396}.Debug|x64.Build.0 = Debug|Any CPU
		{954F0381-F73A-485B-ACE0-04D708104396}.Debug|x86.ActiveCfg = Debug|Any CPU
		{954F0381-F73A-485B-ACE0-04D708104396}.Debug|x86.Build.0 = Debug|Any CPU
		{954F0381-F73A-485B-ACE0-04D708104396}.Release|Any CPU.ActiveCfg = Release|Any CPU
		{954F0381-F73A-485B-ACE0-04D708104396}.Release|Any CPU.Build.0 = Release|Any CPU
		{954F0381-F73A-485B-ACE0-04D708104396}.Release|x64.ActiveCfg = Release|Any CPU
		{954F0381-F73A-485B-ACE0-04D708104396}.Release|x64.Build.0 = Release|Any CPU
		{954F0381-F73A-485B-ACE0-04D708104396}.Release|x86.ActiveCfg = Release|Any CPU
		{954F0381-F73A-485B-ACE0-04D708104396}.Release|x86.Build.0 = Release|Any CPU
		{DE50C6AA-9B1E-4011-91CB-F893F811A48E}.Debug|Any CPU.ActiveCfg = Debug|Any CPU
		{DE50C6AA-9B1E-4011-91CB-F893F811A48E}.Debug|Any CPU.Build.0 = Debug|Any CPU
		{DE50C6AA-9B1E-4011-91CB-F893F811A48E}.Debug|x64.ActiveCfg = Debug|Any CPU
		{DE50C6AA-9B1E-4011-91CB-F893F811A48E}.Debug|x64.Build.0 = Debug|Any CPU
		{DE50C6AA-9B1E-4011-91CB-F893F811A48E}.Debug|x86.ActiveCfg = Debug|Any CPU
		{DE50C6AA-9B1E-4011-91CB-F893F811A48E}.Debug|x86.Build.0 = Debug|Any CPU
		{DE50C6AA-9B1E-4011-91CB-F893F811A48E}.Release|Any CPU.ActiveCfg = Release|Any CPU
		{DE50C6AA-9B1E-4011-91CB-F893F811A48E}.Release|Any CPU.Build.0 = Release|Any CPU
		{DE50C6AA-9B1E-4011-91CB-F893F811A48E}.Release|x64.ActiveCfg = Release|Any CPU
		{DE50C6AA-9B1E-4011-91CB-F893F811A48E}.Release|x64.Build.0 = Release|Any CPU
		{DE50C6AA-9B1E-4011-91CB-F893F811A48E}.Release|x86.ActiveCfg = Release|Any CPU
		{DE50C6AA-9B1E-4011-91CB-F893F811A48E}.Release|x86.Build.0 = Release|Any CPU
		{006E2A09-647F-B223-AE22-C294E6CFACE3}.Debug|Any CPU.ActiveCfg = Debug|Any CPU
		{006E2A09-647F-B223-AE22-C294E6CFACE3}.Debug|Any CPU.Build.0 = Debug|Any CPU
		{006E2A09-647F-B223-AE22-C294E6CFACE3}.Debug|x64.ActiveCfg = Debug|Any CPU
		{006E2A09-647F-B223-AE22-C294E6CFACE3}.Debug|x64.Build.0 = Debug|Any CPU
		{006E2A09-647F-B223-AE22-C294E6CFACE3}.Debug|x86.ActiveCfg = Debug|Any CPU
		{006E2A09-647F-B223-AE22-C294E6CFACE3}.Debug|x86.Build.0 = Debug|Any CPU
		{006E2A09-647F-B223-AE22-C294E6CFACE3}.Release|Any CPU.ActiveCfg = Release|Any CPU
		{006E2A09-647F-B223-AE22-C294E6CFACE3}.Release|Any CPU.Build.0 = Release|Any CPU
		{006E2A09-647F-B223-AE22-C294E6CFACE3}.Release|x64.ActiveCfg = Release|Any CPU
		{006E2A09-647F-B223-AE22-C294E6CFACE3}.Release|x64.Build.0 = Release|Any CPU
		{006E2A09-647F-B223-AE22-C294E6CFACE3}.Release|x86.ActiveCfg = Release|Any CPU
		{006E2A09-647F-B223-AE22-C294E6CFACE3}.Release|x86.Build.0 = Release|Any CPU
		{A8E6C7F1-2D4B-4E6F-8A5C-9F8D1E2A3B4C}.Debug|Any CPU.ActiveCfg = Debug|Any CPU
		{A8E6C7F1-2D4B-4E6F-8A5C-9F8D1E2A3B4C}.Debug|Any CPU.Build.0 = Debug|Any CPU
		{A8E6C7F1-2D4B-4E6F-8A5C-9F8D1E2A3B4C}.Debug|x64.ActiveCfg = Debug|Any CPU
		{A8E6C7F1-2D4B-4E6F-8A5C-9F8D1E2A3B4C}.Debug|x64.Build.0 = Debug|Any CPU
		{A8E6C7F1-2D4B-4E6F-8A5C-9F8D1E2A3B4C}.Debug|x86.ActiveCfg = Debug|Any CPU
		{A8E6C7F1-2D4B-4E6F-8A5C-9F8D1E2A3B4C}.Debug|x86.Build.0 = Debug|Any CPU
		{A8E6C7F1-2D4B-4E6F-8A5C-9F8D1E2A3B4C}.Release|Any CPU.ActiveCfg = Release|Any CPU
		{A8E6C7F1-2D4B-4E6F-8A5C-9F8D1E2A3B4C}.Release|Any CPU.Build.0 = Release|Any CPU
		{A8E6C7F1-2D4B-4E6F-8A5C-9F8D1E2A3B4C}.Release|x64.ActiveCfg = Release|Any CPU
		{A8E6C7F1-2D4B-4E6F-8A5C-9F8D1E2A3B4C}.Release|x64.Build.0 = Release|Any CPU
		{A8E6C7F1-2D4B-4E6F-8A5C-9F8D1E2A3B4C}.Release|x86.ActiveCfg = Release|Any CPU
		{A8E6C7F1-2D4B-4E6F-8A5C-9F8D1E2A3B4C}.Release|x86.Build.0 = Release|Any CPU
		{7F088796-DDF7-4562-9AC6-8E8E2C717DF3}.Debug|Any CPU.ActiveCfg = Debug|Any CPU
		{7F088796-DDF7-4562-9AC6-8E8E2C717DF3}.Debug|Any CPU.Build.0 = Debug|Any CPU
		{7F088796-DDF7-4562-9AC6-8E8E2C717DF3}.Debug|x64.ActiveCfg = Debug|Any CPU
		{7F088796-DDF7-4562-9AC6-8E8E2C717DF3}.Debug|x64.Build.0 = Debug|Any CPU
		{7F088796-DDF7-4562-9AC6-8E8E2C717DF3}.Debug|x86.ActiveCfg = Debug|Any CPU
		{7F088796-DDF7-4562-9AC6-8E8E2C717DF3}.Debug|x86.Build.0 = Debug|Any CPU
		{7F088796-DDF7-4562-9AC6-8E8E2C717DF3}.Release|Any CPU.ActiveCfg = Release|Any CPU
		{7F088796-DDF7-4562-9AC6-8E8E2C717DF3}.Release|Any CPU.Build.0 = Release|Any CPU
		{7F088796-DDF7-4562-9AC6-8E8E2C717DF3}.Release|x64.ActiveCfg = Release|Any CPU
		{7F088796-DDF7-4562-9AC6-8E8E2C717DF3}.Release|x64.Build.0 = Release|Any CPU
		{7F088796-DDF7-4562-9AC6-8E8E2C717DF3}.Release|x86.ActiveCfg = Release|Any CPU
		{7F088796-DDF7-4562-9AC6-8E8E2C717DF3}.Release|x86.Build.0 = Release|Any CPU
		{D7F1A0A4-4E0A-4A6D-9FF5-4F7F71E2CE54}.Debug|Any CPU.ActiveCfg = Debug|Any CPU
		{D7F1A0A4-4E0A-4A6D-9FF5-4F7F71E2CE54}.Debug|Any CPU.Build.0 = Debug|Any CPU
		{D7F1A0A4-4E0A-4A6D-9FF5-4F7F71E2CE54}.Debug|x64.ActiveCfg = Debug|Any CPU
		{D7F1A0A4-4E0A-4A6D-9FF5-4F7F71E2CE54}.Debug|x64.Build.0 = Debug|Any CPU
		{D7F1A0A4-4E0A-4A6D-9FF5-4F7F71E2CE54}.Debug|x86.ActiveCfg = Debug|Any CPU
		{D7F1A0A4-4E0A-4A6D-9FF5-4F7F71E2CE54}.Debug|x86.Build.0 = Debug|Any CPU
		{D7F1A0A4-4E0A-4A6D-9FF5-4F7F71E2CE54}.Release|Any CPU.ActiveCfg = Release|Any CPU
		{D7F1A0A4-4E0A-4A6D-9FF5-4F7F71E2CE54}.Release|Any CPU.Build.0 = Release|Any CPU
		{D7F1A0A4-4E0A-4A6D-9FF5-4F7F71E2CE54}.Release|x64.ActiveCfg = Release|Any CPU
		{D7F1A0A4-4E0A-4A6D-9FF5-4F7F71E2CE54}.Release|x64.Build.0 = Release|Any CPU
		{D7F1A0A4-4E0A-4A6D-9FF5-4F7F71E2CE54}.Release|x86.ActiveCfg = Release|Any CPU
		{D7F1A0A4-4E0A-4A6D-9FF5-4F7F71E2CE54}.Release|x86.Build.0 = Release|Any CPU
		{32299DBB-441F-41C3-8204-B759EEEA7C6B}.Debug|Any CPU.ActiveCfg = Debug|Any CPU
		{32299DBB-441F-41C3-8204-B759EEEA7C6B}.Debug|Any CPU.Build.0 = Debug|Any CPU
		{32299DBB-441F-41C3-8204-B759EEEA7C6B}.Debug|x64.ActiveCfg = Debug|Any CPU
		{32299DBB-441F-41C3-8204-B759EEEA7C6B}.Debug|x64.Build.0 = Debug|Any CPU
		{32299DBB-441F-41C3-8204-B759EEEA7C6B}.Debug|x86.ActiveCfg = Debug|Any CPU
		{32299DBB-441F-41C3-8204-B759EEEA7C6B}.Debug|x86.Build.0 = Debug|Any CPU
		{32299DBB-441F-41C3-8204-B759EEEA7C6B}.Release|Any CPU.ActiveCfg = Release|Any CPU
		{32299DBB-441F-41C3-8204-B759EEEA7C6B}.Release|Any CPU.Build.0 = Release|Any CPU
		{32299DBB-441F-41C3-8204-B759EEEA7C6B}.Release|x64.ActiveCfg = Release|Any CPU
		{32299DBB-441F-41C3-8204-B759EEEA7C6B}.Release|x64.Build.0 = Release|Any CPU
		{32299DBB-441F-41C3-8204-B759EEEA7C6B}.Release|x86.ActiveCfg = Release|Any CPU
		{32299DBB-441F-41C3-8204-B759EEEA7C6B}.Release|x86.Build.0 = Release|Any CPU
		{B134DD2D-6317-09C1-36AC-A239FDA9FBEF}.Debug|Any CPU.ActiveCfg = Debug|Any CPU
		{B134DD2D-6317-09C1-36AC-A239FDA9FBEF}.Debug|Any CPU.Build.0 = Debug|Any CPU
		{B134DD2D-6317-09C1-36AC-A239FDA9FBEF}.Debug|x64.ActiveCfg = Debug|Any CPU
		{B134DD2D-6317-09C1-36AC-A239FDA9FBEF}.Debug|x64.Build.0 = Debug|Any CPU
		{B134DD2D-6317-09C1-36AC-A239FDA9FBEF}.Debug|x86.ActiveCfg = Debug|Any CPU
		{B134DD2D-6317-09C1-36AC-A239FDA9FBEF}.Debug|x86.Build.0 = Debug|Any CPU
		{B134DD2D-6317-09C1-36AC-A239FDA9FBEF}.Release|Any CPU.ActiveCfg = Release|Any CPU
		{B134DD2D-6317-09C1-36AC-A239FDA9FBEF}.Release|Any CPU.Build.0 = Release|Any CPU
		{B134DD2D-6317-09C1-36AC-A239FDA9FBEF}.Release|x64.ActiveCfg = Release|Any CPU
		{B134DD2D-6317-09C1-36AC-A239FDA9FBEF}.Release|x64.Build.0 = Release|Any CPU
		{B134DD2D-6317-09C1-36AC-A239FDA9FBEF}.Release|x86.ActiveCfg = Release|Any CPU
		{B134DD2D-6317-09C1-36AC-A239FDA9FBEF}.Release|x86.Build.0 = Release|Any CPU
		{5EC5438A-EEC0-8993-146C-47AE047F5A8C}.Debug|Any CPU.ActiveCfg = Debug|Any CPU
		{5EC5438A-EEC0-8993-146C-47AE047F5A8C}.Debug|Any CPU.Build.0 = Debug|Any CPU
		{5EC5438A-EEC0-8993-146C-47AE047F5A8C}.Debug|x64.ActiveCfg = Debug|Any CPU
		{5EC5438A-EEC0-8993-146C-47AE047F5A8C}.Debug|x64.Build.0 = Debug|Any CPU
		{5EC5438A-EEC0-8993-146C-47AE047F5A8C}.Debug|x86.ActiveCfg = Debug|Any CPU
		{5EC5438A-EEC0-8993-146C-47AE047F5A8C}.Debug|x86.Build.0 = Debug|Any CPU
		{5EC5438A-EEC0-8993-146C-47AE047F5A8C}.Release|Any CPU.ActiveCfg = Release|Any CPU
		{5EC5438A-EEC0-8993-146C-47AE047F5A8C}.Release|Any CPU.Build.0 = Release|Any CPU
		{5EC5438A-EEC0-8993-146C-47AE047F5A8C}.Release|x64.ActiveCfg = Release|Any CPU
		{5EC5438A-EEC0-8993-146C-47AE047F5A8C}.Release|x64.Build.0 = Release|Any CPU
		{5EC5438A-EEC0-8993-146C-47AE047F5A8C}.Release|x86.ActiveCfg = Release|Any CPU
		{5EC5438A-EEC0-8993-146C-47AE047F5A8C}.Release|x86.Build.0 = Release|Any CPU
		{57BA978F-6085-455E-BD68-FCFAD497EC67}.Debug|Any CPU.ActiveCfg = Debug|Any CPU
		{57BA978F-6085-455E-BD68-FCFAD497EC67}.Debug|Any CPU.Build.0 = Debug|Any CPU
		{57BA978F-6085-455E-BD68-FCFAD497EC67}.Debug|x64.ActiveCfg = Debug|Any CPU
		{57BA978F-6085-455E-BD68-FCFAD497EC67}.Debug|x64.Build.0 = Debug|Any CPU
		{57BA978F-6085-455E-BD68-FCFAD497EC67}.Debug|x86.ActiveCfg = Debug|Any CPU
		{57BA978F-6085-455E-BD68-FCFAD497EC67}.Debug|x86.Build.0 = Debug|Any CPU
		{57BA978F-6085-455E-BD68-FCFAD497EC67}.Release|Any CPU.ActiveCfg = Release|Any CPU
		{57BA978F-6085-455E-BD68-FCFAD497EC67}.Release|Any CPU.Build.0 = Release|Any CPU
		{57BA978F-6085-455E-BD68-FCFAD497EC67}.Release|x64.ActiveCfg = Release|Any CPU
		{57BA978F-6085-455E-BD68-FCFAD497EC67}.Release|x64.Build.0 = Release|Any CPU
		{57BA978F-6085-455E-BD68-FCFAD497EC67}.Release|x86.ActiveCfg = Release|Any CPU
		{57BA978F-6085-455E-BD68-FCFAD497EC67}.Release|x86.Build.0 = Release|Any CPU
		{4FDD0A52-B960-B8BC-5EFA-B6D692009449}.Debug|Any CPU.ActiveCfg = Debug|Any CPU
		{4FDD0A52-B960-B8BC-5EFA-B6D692009449}.Debug|Any CPU.Build.0 = Debug|Any CPU
		{4FDD0A52-B960-B8BC-5EFA-B6D692009449}.Debug|x64.ActiveCfg = Debug|Any CPU
		{4FDD0A52-B960-B8BC-5EFA-B6D692009449}.Debug|x64.Build.0 = Debug|Any CPU
		{4FDD0A52-B960-B8BC-5EFA-B6D692009449}.Debug|x86.ActiveCfg = Debug|Any CPU
		{4FDD0A52-B960-B8BC-5EFA-B6D692009449}.Debug|x86.Build.0 = Debug|Any CPU
		{4FDD0A52-B960-B8BC-5EFA-B6D692009449}.Release|Any CPU.ActiveCfg = Release|Any CPU
		{4FDD0A52-B960-B8BC-5EFA-B6D692009449}.Release|Any CPU.Build.0 = Release|Any CPU
		{4FDD0A52-B960-B8BC-5EFA-B6D692009449}.Release|x64.ActiveCfg = Release|Any CPU
		{4FDD0A52-B960-B8BC-5EFA-B6D692009449}.Release|x64.Build.0 = Release|Any CPU
		{4FDD0A52-B960-B8BC-5EFA-B6D692009449}.Release|x86.ActiveCfg = Release|Any CPU
		{4FDD0A52-B960-B8BC-5EFA-B6D692009449}.Release|x86.Build.0 = Release|Any CPU
		{C30B0E55-5C03-3ADD-F6F2-DE0A8E4F012D}.Debug|Any CPU.ActiveCfg = Debug|Any CPU
		{C30B0E55-5C03-3ADD-F6F2-DE0A8E4F012D}.Debug|Any CPU.Build.0 = Debug|Any CPU
		{C30B0E55-5C03-3ADD-F6F2-DE0A8E4F012D}.Debug|x64.ActiveCfg = Debug|Any CPU
		{C30B0E55-5C03-3ADD-F6F2-DE0A8E4F012D}.Debug|x64.Build.0 = Debug|Any CPU
		{C30B0E55-5C03-3ADD-F6F2-DE0A8E4F012D}.Debug|x86.ActiveCfg = Debug|Any CPU
		{C30B0E55-5C03-3ADD-F6F2-DE0A8E4F012D}.Debug|x86.Build.0 = Debug|Any CPU
		{C30B0E55-5C03-3ADD-F6F2-DE0A8E4F012D}.Release|Any CPU.ActiveCfg = Release|Any CPU
		{C30B0E55-5C03-3ADD-F6F2-DE0A8E4F012D}.Release|Any CPU.Build.0 = Release|Any CPU
		{C30B0E55-5C03-3ADD-F6F2-DE0A8E4F012D}.Release|x64.ActiveCfg = Release|Any CPU
		{C30B0E55-5C03-3ADD-F6F2-DE0A8E4F012D}.Release|x64.Build.0 = Release|Any CPU
		{C30B0E55-5C03-3ADD-F6F2-DE0A8E4F012D}.Release|x86.ActiveCfg = Release|Any CPU
		{C30B0E55-5C03-3ADD-F6F2-DE0A8E4F012D}.Release|x86.Build.0 = Release|Any CPU
	EndGlobalSection
	GlobalSection(SolutionProperties) = preSolution
		HideSolutionNode = FALSE
	EndGlobalSection
	GlobalSection(NestedProjects) = preSolution
		{2AB427B5-03E9-4496-B7F0-891D60DF7E33} = {827E0CD3-B72D-47B6-A68D-7590B98EB39B}
		{039F7DA5-08A2-4C01-BE97-910BE50C461F} = {827E0CD3-B72D-47B6-A68D-7590B98EB39B}
		{4800EC17-5EB0-49BE-9832-CFF1E64D7075} = {827E0CD3-B72D-47B6-A68D-7590B98EB39B}
		{B8CEC079-2205-41A0-8BD4-A2D58CEF6041} = {827E0CD3-B72D-47B6-A68D-7590B98EB39B}
		{CE61E04B-60DC-4772-AD75-AF224B3202BC} = {827E0CD3-B72D-47B6-A68D-7590B98EB39B}
		{954F0381-F73A-485B-ACE0-04D708104396} = {827E0CD3-B72D-47B6-A68D-7590B98EB39B}
		{DE50C6AA-9B1E-4011-91CB-F893F811A48E} = {827E0CD3-B72D-47B6-A68D-7590B98EB39B}
		{006E2A09-647F-B223-AE22-C294E6CFACE3} = {827E0CD3-B72D-47B6-A68D-7590B98EB39B}
		{A8E6C7F1-2D4B-4E6F-8A5C-9F8D1E2A3B4C} = {827E0CD3-B72D-47B6-A68D-7590B98EB39B}
		{7F088796-DDF7-4562-9AC6-8E8E2C717DF3} = {827E0CD3-B72D-47B6-A68D-7590B98EB39B}
		{D7F1A0A4-4E0A-4A6D-9FF5-4F7F71E2CE54} = {827E0CD3-B72D-47B6-A68D-7590B98EB39B}
		{32299DBB-441F-41C3-8204-B759EEEA7C6B} = {827E0CD3-B72D-47B6-A68D-7590B98EB39B}
		{B134DD2D-6317-09C1-36AC-A239FDA9FBEF} = {0C88DD14-F956-CE84-757C-A364CCF449FC}
		{5EC5438A-EEC0-8993-146C-47AE047F5A8C} = {0C88DD14-F956-CE84-757C-A364CCF449FC}
		{57BA978F-6085-455E-BD68-FCFAD497EC67} = {0C88DD14-F956-CE84-757C-A364CCF449FC}
		{4FDD0A52-B960-B8BC-5EFA-B6D692009449} = {0C88DD14-F956-CE84-757C-A364CCF449FC}
		{C30B0E55-5C03-3ADD-F6F2-DE0A8E4F012D} = {0C88DD14-F956-CE84-757C-A364CCF449FC}
	EndGlobalSection
	GlobalSection(ExtensibilityGlobals) = postSolution
		SolutionGuid = {E091C59C-F147-4654-A9BD-750BDC53D2C9}
	EndGlobalSection
EndGlobal
